
Microsoft Visual Studio Solution File, Format Version 12.00
# Visual Studio Version 17
VisualStudioVersion = 17.10.35122.118
MinimumVisualStudioVersion = 10.0.40219.1
Project("{FAE04EC0-301F-11D3-BF4B-00C04F79EFBC}") = "EmployeeManagementSystem", "EmployeeManagementSystem.csproj", "{77E7B6D8-5A48-48B5-8D25-D8229E7EA274}"
EndProject
Global
	GlobalSection(SolutionConfigurationPlatforms) = preSolution
		Debug|Any CPU = Debug|Any CPU
		Release|Any CPU = Release|Any CPU
	EndGlobalSection
	GlobalSection(ProjectConfigurationPlatforms) = postSolution
		{77E7B6D8-5A48-48B5-8D25-D8229E7EA274}.Debug|Any CPU.ActiveCfg = Debug|Any CPU
		{77E7B6D8-5A48-48B5-8D25-D8229E7EA274}.Debug|Any CPU.Build.0 = Debug|Any CPU
		{77E7B6D8-5A48-48B5-8D25-D8229E7EA274}.Release|Any CPU.ActiveCfg = Release|Any CPU
		{77E7B6D8-5A48-48B5-8D25-D8229E7EA274}.Release|Any CPU.Build.0 = Release|Any CPU
	EndGlobalSection
	GlobalSection(SolutionProperties) = preSolution
		HideSolutionNode = FALSE
	EndGlobalSection
	GlobalSection(ExtensibilityGlobals) = postSolution
		SolutionGuid = {123A0114-E3DF-4A8C-9CFD-99E4E954E9D7}
	EndGlobalSection
EndGlobal
